
Microsoft Visual Studio Solution File, Format Version 12.00
# Visual Studio 15
Project("{FAE04EC0-301F-11D3-BF4B-00C04F79EFBC}") = "Assembly-CSharp", "Assembly-CSharp.csproj", "{E95CF818-9883-14FF-C7F3-5BBC7EF34B74}"
EndProject
Project("{FAE04EC0-301F-11D3-BF4B-00C04F79EFBC}") = "Assembly-CSharp-Editor", "Assembly-CSharp-Editor.csproj", "{DE6A9709-AFE3-1F61-21DB-19E1FF1FC3AD}"
EndProject
Global
	GlobalSection(SolutionConfigurationPlatforms) = preSolution
		Debug|Any CPU = Debug|Any CPU
		Release|Any CPU = Release|Any CPU
	EndGlobalSection
	GlobalSection(ProjectConfigurationPlatforms) = postSolution
		{E95CF818-9883-14FF-C7F3-5BBC7EF34B74}.Debug|Any CPU.ActiveCfg = Debug|Any CPU
		{E95CF818-9883-14FF-C7F3-5BBC7EF34B74}.Debug|Any CPU.Build.0 = Debug|Any CPU
		{E95CF818-9883-14FF-C7F3-5BBC7EF34B74}.Release|Any CPU.ActiveCfg = Release|Any CPU
		{E95CF818-9883-14FF-C7F3-5BBC7EF34B74}.Release|Any CPU.Build.0 = Release|Any CPU
		{DE6A9709-AFE3-1F61-21DB-19E1FF1FC3AD}.Debug|Any CPU.ActiveCfg = Debug|Any CPU
		{DE6A9709-AFE3-1F61-21DB-19E1FF1FC3AD}.Debug|Any CPU.Build.0 = Debug|Any CPU
		{DE6A9709-AFE3-1F61-21DB-19E1FF1FC3AD}.Release|Any CPU.ActiveCfg = Release|Any CPU
		{DE6A9709-AFE3-1F61-21DB-19E1FF1FC3AD}.Release|Any CPU.Build.0 = Release|Any CPU
	EndGlobalSection
	GlobalSection(SolutionProperties) = preSolution
		HideSolutionNode = FALSE
	EndGlobalSection
EndGlobal
